
Microsoft Visual Studio Solution File, Format Version 12.00
# Visual Studio 15
VisualStudioVersion = 15.0.28307.329
MinimumVisualStudioVersion = 10.0.40219.1
Project("{888888A0-9F3D-457C-B088-3A5042F75D52}") = "ML_Final", "ML_Final\ML_Final.pyproj", "{2F727FB2-C889-4124-A579-BECD99FA8BDF}"
EndProject
Global
	GlobalSection(SolutionConfigurationPlatforms) = preSolution
		Debug|Any CPU = Debug|Any CPU
		Release|Any CPU = Release|Any CPU
	EndGlobalSection
	GlobalSection(ProjectConfigurationPlatforms) = postSolution
		{2F727FB2-C889-4124-A579-BECD99FA8BDF}.Debug|Any CPU.ActiveCfg = Debug|Any CPU
		{2F727FB2-C889-4124-A579-BECD99FA8BDF}.Release|Any CPU.ActiveCfg = Release|Any CPU
	EndGlobalSection
	GlobalSection(SolutionProperties) = preSolution
		HideSolutionNode = FALSE
	EndGlobalSection
	GlobalSection(ExtensibilityGlobals) = postSolution
		SolutionGuid = {2924C44E-5F5D-4766-94E2-95D4F8D1712A}
	EndGlobalSection
EndGlobal
